
Microsoft Visual Studio Solution File, Format Version 12.00
# Visual Studio 15
VisualStudioVersion = 15.0.28307.329
MinimumVisualStudioVersion = 10.0.40219.1
Project("{FAE04EC0-301F-11D3-BF4B-00C04F79EFBC}") = "FormWithUnityAndCef", "FormWithUnityAndCef\FormWithUnityAndCef.csproj", "{62050522-3E69-4F92-967D-72F76F2DCCA2}"
EndProject
Project("{FAE04EC0-301F-11D3-BF4B-00C04F79EFBC}") = "MessageLibrary", "MessageLibrary\MessageLibrary.csproj", "{0C4213AB-B1AB-460B-8189-8BE1C7DEC5BB}"
EndProject
Global
	GlobalSection(SolutionConfigurationPlatforms) = preSolution
		Debug|Any CPU = Debug|Any CPU
		Debug|x64 = Debug|x64
		Release|Any CPU = Release|Any CPU
		Release|x64 = Release|x64
	EndGlobalSection
	GlobalSection(ProjectConfigurationPlatforms) = postSolution
		{62050522-3E69-4F92-967D-72F76F2DCCA2}.Debug|Any CPU.ActiveCfg = Debug|Any CPU
		{62050522-3E69-4F92-967D-72F76F2DCCA2}.Debug|Any CPU.Build.0 = Debug|Any CPU
		{62050522-3E69-4F92-967D-72F76F2DCCA2}.Debug|x64.ActiveCfg = Debug|x64
		{62050522-3E69-4F92-967D-72F76F2DCCA2}.Debug|x64.Build.0 = Debug|x64
		{62050522-3E69-4F92-967D-72F76F2DCCA2}.Release|Any CPU.ActiveCfg = Release|Any CPU
		{62050522-3E69-4F92-967D-72F76F2DCCA2}.Release|Any CPU.Build.0 = Release|Any CPU
		{62050522-3E69-4F92-967D-72F76F2DCCA2}.Release|x64.ActiveCfg = Release|x64
		{62050522-3E69-4F92-967D-72F76F2DCCA2}.Release|x64.Build.0 = Release|x64
		{0C4213AB-B1AB-460B-8189-8BE1C7DEC5BB}.Debug|Any CPU.ActiveCfg = Debug|Any CPU
		{0C4213AB-B1AB-460B-8189-8BE1C7DEC5BB}.Debug|Any CPU.Build.0 = Debug|Any CPU
		{0C4213AB-B1AB-460B-8189-8BE1C7DEC5BB}.Debug|x64.ActiveCfg = Debug|x64
		{0C4213AB-B1AB-460B-8189-8BE1C7DEC5BB}.Debug|x64.Build.0 = Debug|x64
		{0C4213AB-B1AB-460B-8189-8BE1C7DEC5BB}.Release|Any CPU.ActiveCfg = Release|Any CPU
		{0C4213AB-B1AB-460B-8189-8BE1C7DEC5BB}.Release|Any CPU.Build.0 = Release|Any CPU
		{0C4213AB-B1AB-460B-8189-8BE1C7DEC5BB}.Release|x64.ActiveCfg = Release|x64
		{0C4213AB-B1AB-460B-8189-8BE1C7DEC5BB}.Release|x64.Build.0 = Release|x64
	EndGlobalSection
	GlobalSection(SolutionProperties) = preSolution
		HideSolutionNode = FALSE
	EndGlobalSection
	GlobalSection(ExtensibilityGlobals) = postSolution
		SolutionGuid = {CB8B9FEE-58D9-47F0-A873-CF62216CA917}
	EndGlobalSection
EndGlobal
